
Microsoft Visual Studio Solution File, Format Version 12.00
# Visual Studio Version 17
VisualStudioVersion = 17.8.34330.188
MinimumVisualStudioVersion = 10.0.40219.1
Project("{FAE04EC0-301F-11D3-BF4B-00C04F79EFBC}") = "BITCollege_DP", "BITCollege_DP\BITCollege_DP.csproj", "{CAFA3266-D35D-4245-BDD4-DE0BFA9FF5D0}"
EndProject
Project("{FAE04EC0-301F-11D3-BF4B-00C04F79EFBC}") = "Utility", "Utility\Utility.csproj", "{39EE02E5-5786-4C05-BE13-A9CCA941F3A8}"
EndProject
Project("{FAE04EC0-301F-11D3-BF4B-00C04F79EFBC}") = "BITCollegeService", "BITCollegeService\BITCollegeService.csproj", "{7770BD1B-0657-4D2E-80AC-8636E91B6B5E}"
EndProject
Project("{FAE04EC0-301F-11D3-BF4B-00C04F79EFBC}") = "MaskedLabel", "Assignment 06 Files\MaskedLabel\MaskedLabel.csproj", "{049F1B57-22DE-42E2-A648-B64B82BF6DF5}"
EndProject
Project("{FAE04EC0-301F-11D3-BF4B-00C04F79EFBC}") = "BITCollegeWindows", "Assignment 06 Files\BITCollegeWindows\BITCollegeWindows\BITCollegeWindows.csproj", "{18A2E074-9CE7-48F6-B47B-0B55BF8D13C3}"
	ProjectSection(ProjectDependencies) = postProject
		{7770BD1B-0657-4D2E-80AC-8636E91B6B5E} = {7770BD1B-0657-4D2E-80AC-8636E91B6B5E}
	EndProjectSection
EndProject
Global
	GlobalSection(SolutionConfigurationPlatforms) = preSolution
		Debug|Any CPU = Debug|Any CPU
		Release|Any CPU = Release|Any CPU
	EndGlobalSection
	GlobalSection(ProjectConfigurationPlatforms) = postSolution
		{CAFA3266-D35D-4245-BDD4-DE0BFA9FF5D0}.Debug|Any CPU.ActiveCfg = Debug|Any CPU
		{CAFA3266-D35D-4245-BDD4-DE0BFA9FF5D0}.Debug|Any CPU.Build.0 = Debug|Any CPU
		{CAFA3266-D35D-4245-BDD4-DE0BFA9FF5D0}.Release|Any CPU.ActiveCfg = Release|Any CPU
		{CAFA3266-D35D-4245-BDD4-DE0BFA9FF5D0}.Release|Any CPU.Build.0 = Release|Any CPU
		{39EE02E5-5786-4C05-BE13-A9CCA941F3A8}.Debug|Any CPU.ActiveCfg = Debug|Any CPU
		{39EE02E5-5786-4C05-BE13-A9CCA941F3A8}.Debug|Any CPU.Build.0 = Debug|Any CPU
		{39EE02E5-5786-4C05-BE13-A9CCA941F3A8}.Release|Any CPU.ActiveCfg = Release|Any CPU
		{39EE02E5-5786-4C05-BE13-A9CCA941F3A8}.Release|Any CPU.Build.0 = Release|Any CPU
		{7770BD1B-0657-4D2E-80AC-8636E91B6B5E}.Debug|Any CPU.ActiveCfg = Debug|Any CPU
		{7770BD1B-0657-4D2E-80AC-8636E91B6B5E}.Debug|Any CPU.Build.0 = Debug|Any CPU
		{7770BD1B-0657-4D2E-80AC-8636E91B6B5E}.Release|Any CPU.ActiveCfg = Release|Any CPU
		{7770BD1B-0657-4D2E-80AC-8636E91B6B5E}.Release|Any CPU.Build.0 = Release|Any CPU
		{049F1B57-22DE-42E2-A648-B64B82BF6DF5}.Debug|Any CPU.ActiveCfg = Debug|Any CPU
		{049F1B57-22DE-42E2-A648-B64B82BF6DF5}.Debug|Any CPU.Build.0 = Debug|Any CPU
		{049F1B57-22DE-42E2-A648-B64B82BF6DF5}.Release|Any CPU.ActiveCfg = Release|Any CPU
		{049F1B57-22DE-42E2-A648-B64B82BF6DF5}.Release|Any CPU.Build.0 = Release|Any CPU
		{18A2E074-9CE7-48F6-B47B-0B55BF8D13C3}.Debug|Any CPU.ActiveCfg = Debug|Any CPU
		{18A2E074-9CE7-48F6-B47B-0B55BF8D13C3}.Debug|Any CPU.Build.0 = Debug|Any CPU
		{18A2E074-9CE7-48F6-B47B-0B55BF8D13C3}.Release|Any CPU.ActiveCfg = Release|Any CPU
		{18A2E074-9CE7-48F6-B47B-0B55BF8D13C3}.Release|Any CPU.Build.0 = Release|Any CPU
	EndGlobalSection
	GlobalSection(SolutionProperties) = preSolution
		HideSolutionNode = FALSE
	EndGlobalSection
	GlobalSection(ExtensibilityGlobals) = postSolution
		SolutionGuid = {63D80486-2E17-478A-B0A3-9236F1647432}
	EndGlobalSection
EndGlobal
